
Microsoft Visual Studio Solution File, Format Version 12.00
# Visual Studio Version 16
VisualStudioVersion = 16.0.31613.86
MinimumVisualStudioVersion = 10.0.40219.1
Project("{F184B08F-C81C-45F6-A57F-5ABD9991F28F}") = "UltimaPatcher", "UltimaPatcher\UltimaPatcher.vbproj", "{E2E24100-626F-4439-89E5-DA37FDE00183}"
EndProject
Project("{2150E333-8FDC-42A3-9474-1A3956D46DE8}") = ".github", ".github", "{D0AD2B72-A606-410A-9DDB-4A9EE43A9153}"
	ProjectSection(SolutionItems) = preProject
		.gitignore = .gitignore
		README.md = README.md
	EndProjectSection
EndProject
Global
	GlobalSection(SolutionConfigurationPlatforms) = preSolution
		Debug|x86 = Debug|x86
		Release|x86 = Release|x86
	EndGlobalSection
	GlobalSection(ProjectConfigurationPlatforms) = postSolution
		{E2E24100-626F-4439-89E5-DA37FDE00183}.Debug|x86.ActiveCfg = Debug|x86
		{E2E24100-626F-4439-89E5-DA37FDE00183}.Debug|x86.Build.0 = Debug|x86
		{E2E24100-626F-4439-89E5-DA37FDE00183}.Release|x86.ActiveCfg = Release|x86
		{E2E24100-626F-4439-89E5-DA37FDE00183}.Release|x86.Build.0 = Release|x86
	EndGlobalSection
	GlobalSection(SolutionProperties) = preSolution
		HideSolutionNode = FALSE
	EndGlobalSection
	GlobalSection(ExtensibilityGlobals) = postSolution
		SolutionGuid = {E8A1F3CC-F12F-48C2-A2EA-DFC59070B66E}
	EndGlobalSection
EndGlobal
